
Microsoft Visual Studio Solution File, Format Version 12.00
# Visual Studio 15
VisualStudioVersion = 15.0.25428.1
MinimumVisualStudioVersion = 10.0.40219.1
Project("{E24C65DC-7377-472B-9ABA-BC803B73C61A}") = "Brian(1)", "Brian\", "{4EFF80AA-902F-4EA3-9CE3-3CFFC2781C19}"
	ProjectSection(WebsiteProperties) = preProject
		TargetFrameworkMoniker = ".NETFramework,Version%3Dv4.5.2"
		Debug.AspNetCompiler.VirtualPath = "/localhost_25481"
		Debug.AspNetCompiler.PhysicalPath = "Brian\"
		Debug.AspNetCompiler.TargetPath = "PrecompiledWeb\localhost_25481\"
		Debug.AspNetCompiler.Updateable = "true"
		Debug.AspNetCompiler.ForceOverwrite = "true"
		Debug.AspNetCompiler.FixedNames = "false"
		Debug.AspNetCompiler.Debug = "True"
		Release.AspNetCompiler.VirtualPath = "/localhost_25481"
		Release.AspNetCompiler.PhysicalPath = "Brian\"
		Release.AspNetCompiler.TargetPath = "PrecompiledWeb\localhost_25481\"
		Release.AspNetCompiler.Updateable = "true"
		Release.AspNetCompiler.ForceOverwrite = "true"
		Release.AspNetCompiler.FixedNames = "false"
		Release.AspNetCompiler.Debug = "False"
		VWDPort = "25481"
		SlnRelativePath = "Brian\"
	EndProjectSection
EndProject
Global
	GlobalSection(SolutionConfigurationPlatforms) = preSolution
		Debug|Any CPU = Debug|Any CPU
	EndGlobalSection
	GlobalSection(ProjectConfigurationPlatforms) = postSolution
		{4EFF80AA-902F-4EA3-9CE3-3CFFC2781C19}.Debug|Any CPU.ActiveCfg = Debug|Any CPU
		{4EFF80AA-902F-4EA3-9CE3-3CFFC2781C19}.Debug|Any CPU.Build.0 = Debug|Any CPU
	EndGlobalSection
	GlobalSection(SolutionProperties) = preSolution
		HideSolutionNode = FALSE
	EndGlobalSection
EndGlobal
