
Microsoft Visual Studio Solution File, Format Version 12.00
# Visual Studio 14
VisualStudioVersion = 14.0.23107.0
MinimumVisualStudioVersion = 10.0.40219.1
Project("{F14B399A-7131-4C87-9E4B-1186C45EF12D}") = "SQL Brian Reporting", "SQL Brian Reporting\SQL Brian Reporting.rptproj", "{9502A2C9-5604-4D6D-B879-B719FCB3EA5C}"
EndProject
Global
	GlobalSection(SolutionConfigurationPlatforms) = preSolution
		Debug|Default = Debug|Default
		DebugLocal|Default = DebugLocal|Default
		Release|Default = Release|Default
	EndGlobalSection
	GlobalSection(ProjectConfigurationPlatforms) = postSolution
		{9502A2C9-5604-4D6D-B879-B719FCB3EA5C}.Debug|Default.ActiveCfg = Debug
		{9502A2C9-5604-4D6D-B879-B719FCB3EA5C}.Debug|Default.Build.0 = Debug
		{9502A2C9-5604-4D6D-B879-B719FCB3EA5C}.Debug|Default.Deploy.0 = Debug
		{9502A2C9-5604-4D6D-B879-B719FCB3EA5C}.DebugLocal|Default.ActiveCfg = DebugLocal
		{9502A2C9-5604-4D6D-B879-B719FCB3EA5C}.DebugLocal|Default.Build.0 = DebugLocal
		{9502A2C9-5604-4D6D-B879-B719FCB3EA5C}.Release|Default.ActiveCfg = Release
		{9502A2C9-5604-4D6D-B879-B719FCB3EA5C}.Release|Default.Build.0 = Release
		{9502A2C9-5604-4D6D-B879-B719FCB3EA5C}.Release|Default.Deploy.0 = Release
	EndGlobalSection
	GlobalSection(SolutionProperties) = preSolution
		HideSolutionNode = FALSE
	EndGlobalSection
EndGlobal
